
Microsoft Visual Studio Solution File, Format Version 12.00
# Visual Studio Version 16
VisualStudioVersion = 16.0.30804.86
MinimumVisualStudioVersion = 10.0.40219.1
Project("{FAE04EC0-301F-11D3-BF4B-00C04F79EFBC}") = "SalesWebMvc", "SalesWebMvc\SalesWebMvc.csproj", "{99DB9C6A-E768-4970-AA6F-5B1D35523F63}"
EndProject
Global
	GlobalSection(SolutionConfigurationPlatforms) = preSolution
		Debug|Any CPU = Debug|Any CPU
		Release|Any CPU = Release|Any CPU
	EndGlobalSection
	GlobalSection(ProjectConfigurationPlatforms) = postSolution
		{99DB9C6A-E768-4970-AA6F-5B1D35523F63}.Debug|Any CPU.ActiveCfg = Debug|Any CPU
		{99DB9C6A-E768-4970-AA6F-5B1D35523F63}.Debug|Any CPU.Build.0 = Debug|Any CPU
		{99DB9C6A-E768-4970-AA6F-5B1D35523F63}.Release|Any CPU.ActiveCfg = Release|Any CPU
		{99DB9C6A-E768-4970-AA6F-5B1D35523F63}.Release|Any CPU.Build.0 = Release|Any CPU
	EndGlobalSection
	GlobalSection(SolutionProperties) = preSolution
		HideSolutionNode = FALSE
	EndGlobalSection
	GlobalSection(ExtensibilityGlobals) = postSolution
		SolutionGuid = {F5BC429D-66E6-4FCB-AE53-99F006B57DC6}
	EndGlobalSection
EndGlobal
